{
  "originHash" : "4cecdea939baf5150d27de49a0c4c816d02c2a9ab5d2aa202125bb031bec9b2e",
  "pins" : [
    {
      "identity" : "plate",
      "kind" : "remoteSourceControl",
      "location" : "https://github.com/leviouwendijk/plate.git",
      "state" : {
        "branch" : "master",
        "revision" : "9ae5f434b645b94adca307881598c635265527c3"
      }
    },
    {
      "identity" : "primitives",
      "kind" : "remoteSourceControl",
      "location" : "https://github.com/leviouwendijk/Primitives.git",
      "state" : {
        "branch" : "master",
        "revision" : "95d098547aa8c78b78613753163a1fa8bbbb6a1e"
      }
    }
  ],
  "version" : 3
}
