{
  "originHash" : "26a0bff618967cca244e3a19868e4aacd24313d26b2e207a96b36936a82635ff",
  "pins" : [
    {
      "identity" : "css",
      "kind" : "remoteSourceControl",
      "location" : "https://github.com/leviouwendijk/CSS.git",
      "state" : {
        "branch" : "master",
        "revision" : "6e82179b53dc676478a61c9c016bc1dc39826f74"
      }
    },
    {
      "identity" : "dsl",
      "kind" : "remoteSourceControl",
      "location" : "https://github.com/leviouwendijk/DSL.git",
      "state" : {
        "branch" : "master",
        "revision" : "1d6bc19047f6ba8e4d6423424114017892cce18a"
      }
    },
    {
      "identity" : "html",
      "kind" : "remoteSourceControl",
      "location" : "https://github.com/leviouwendijk/HTML.git",
      "state" : {
        "branch" : "master",
        "revision" : "9115e8b9e9971d02388f924112fb0c216a2e8366"
      }
    },
    {
      "identity" : "indentation",
      "kind" : "remoteSourceControl",
      "location" : "https://github.com/leviouwendijk/Indentation.git",
      "state" : {
        "branch" : "master",
        "revision" : "8b85325433aa97ee19c9c77f564500be189978d6"
      }
    },
    {
      "identity" : "js",
      "kind" : "remoteSourceControl",
      "location" : "https://github.com/leviouwendijk/JS.git",
      "state" : {
        "branch" : "master",
        "revision" : "534e59c498f79e7df466d07206c1bc3e08d5e0d3"
      }
    },
    {
      "identity" : "methods",
      "kind" : "remoteSourceControl",
      "location" : "https://github.com/leviouwendijk/Methods.git",
      "state" : {
        "branch" : "master",
        "revision" : "47d7bf31c1e547238c1900fe4a1f6961b6cc19bb"
      }
    },
    {
      "identity" : "milieu",
      "kind" : "remoteSourceControl",
      "location" : "https://github.com/leviouwendijk/Milieu.git",
      "state" : {
        "branch" : "master",
        "revision" : "242e890af20eb5f77087cf116ae9374f1f809b2a"
      }
    },
    {
      "identity" : "path",
      "kind" : "remoteSourceControl",
      "location" : "https://github.com/leviouwendijk/Path.git",
      "state" : {
        "branch" : "master",
        "revision" : "92051c426d0359bc503d556d87518e1c6ad0926d"
      }
    },
    {
      "identity" : "primitives",
      "kind" : "remoteSourceControl",
      "location" : "https://github.com/leviouwendijk/Primitives.git",
      "state" : {
        "branch" : "master",
        "revision" : "88c0aad7d912d13fcc9131ac271d1691da998355"
      }
    },
    {
      "identity" : "protocolcomponents",
      "kind" : "remoteSourceControl",
      "location" : "https://github.com/leviouwendijk/ProtocolComponents.git",
      "state" : {
        "branch" : "master",
        "revision" : "866ef7b22350aac41f455c5b2188f95f411a4507"
      }
    },
    {
      "identity" : "variables",
      "kind" : "remoteSourceControl",
      "location" : "https://github.com/leviouwendijk/Variables.git",
      "state" : {
        "branch" : "master",
        "revision" : "c533569cd399d8d4762f5f4f8241e2234735c6d0"
      }
    },
    {
      "identity" : "version",
      "kind" : "remoteSourceControl",
      "location" : "https://github.com/leviouwendijk/Version.git",
      "state" : {
        "branch" : "master",
        "revision" : "a7eeda6e3b84eca36f61366e5d420787c9aba69f"
      }
    },
    {
      "identity" : "writers",
      "kind" : "remoteSourceControl",
      "location" : "https://github.com/leviouwendijk/Writers.git",
      "state" : {
        "branch" : "master",
        "revision" : "9ca4af44858344f62e66fc11be70a93d1ab01bad"
      }
    }
  ],
  "version" : 3
}
