{
  "originHash" : "0d55e7ca7b3496faffa5ebd06eeb26140d4e03a46ce5eaebf4b1a164e8d1a22b",
  "pins" : [
    {
      "identity" : "css",
      "kind" : "remoteSourceControl",
      "location" : "https://github.com/leviouwendijk/CSS.git",
      "state" : {
        "branch" : "master",
        "revision" : "728d40142a7640ee4c3d0072194d39045e9afa9e"
      }
    },
    {
      "identity" : "html",
      "kind" : "remoteSourceControl",
      "location" : "https://github.com/leviouwendijk/HTML.git",
      "state" : {
        "branch" : "master",
        "revision" : "b59403060e833afad5be1fe9b19f8fd543d40744"
      }
    },
    {
      "identity" : "indentation",
      "kind" : "remoteSourceControl",
      "location" : "https://github.com/leviouwendijk/Indentation.git",
      "state" : {
        "branch" : "master",
        "revision" : "8b85325433aa97ee19c9c77f564500be189978d6"
      }
    },
    {
      "identity" : "js",
      "kind" : "remoteSourceControl",
      "location" : "https://github.com/leviouwendijk/JS.git",
      "state" : {
        "branch" : "master",
        "revision" : "96eeea629aa6ad252ec11da15da7df2a34a871e5"
      }
    },
    {
      "identity" : "methods",
      "kind" : "remoteSourceControl",
      "location" : "https://github.com/leviouwendijk/Methods.git",
      "state" : {
        "branch" : "master",
        "revision" : "c8f7182aa3ddffa106e7d35aa5dd12f0873f63d4"
      }
    },
    {
      "identity" : "milieu",
      "kind" : "remoteSourceControl",
      "location" : "https://github.com/leviouwendijk/Milieu.git",
      "state" : {
        "branch" : "master",
        "revision" : "242e890af20eb5f77087cf116ae9374f1f809b2a"
      }
    },
    {
      "identity" : "variables",
      "kind" : "remoteSourceControl",
      "location" : "https://github.com/leviouwendijk/Variables.git",
      "state" : {
        "branch" : "master",
        "revision" : "c533569cd399d8d4762f5f4f8241e2234735c6d0"
      }
    }
  ],
  "version" : 3
}
